
Microsoft Visual Studio Solution File, Format Version 12.00
# Visual Studio Version 16
VisualStudioVersion = 16.0.30413.136
MinimumVisualStudioVersion = 10.0.40219.1
Project("{9A19103F-16F7-4668-BE54-9A1E7A4F7556}") = "SystemTextJson-Test", "SystemTextJson-Test\SystemTextJson-Test.csproj", "{0D357FC5-A970-46DC-8B00-0D47B4DC877F}"
EndProject
Global
	GlobalSection(SolutionConfigurationPlatforms) = preSolution
		Debug|Any CPU = Debug|Any CPU
		Release|Any CPU = Release|Any CPU
	EndGlobalSection
	GlobalSection(ProjectConfigurationPlatforms) = postSolution
		{0D357FC5-A970-46DC-8B00-0D47B4DC877F}.Debug|Any CPU.ActiveCfg = Debug|Any CPU
		{0D357FC5-A970-46DC-8B00-0D47B4DC877F}.Debug|Any CPU.Build.0 = Debug|Any CPU
		{0D357FC5-A970-46DC-8B00-0D47B4DC877F}.Release|Any CPU.ActiveCfg = Release|Any CPU
		{0D357FC5-A970-46DC-8B00-0D47B4DC877F}.Release|Any CPU.Build.0 = Release|Any CPU
	EndGlobalSection
	GlobalSection(SolutionProperties) = preSolution
		HideSolutionNode = FALSE
	EndGlobalSection
	GlobalSection(ExtensibilityGlobals) = postSolution
		SolutionGuid = {0510C410-9093-48CE-98C4-80A90FBCAEBC}
	EndGlobalSection
EndGlobal
